// !$*UTF8*$!
{
	archiveVersion = 1;
	classes = {
	};
	objectVersion = 46;
	objects = {

/* Begin PBXBuildFile section */
		853DB5A21E902E4500D9FA6E /* AppDelegate.swift in Sources */ = {isa = PBXBuildFile; fileRef = 853DB5A11E902E4500D9FA6E /* AppDelegate.swift */; };
		853DB5A71E902E4600D9FA6E /* Main.storyboard in Resources */ = {isa = PBXBuildFile; fileRef = 853DB5A51E902E4600D9FA6E /* Main.storyboard */; };
		853DB5A91E902E4600D9FA6E /* Assets.xcassets in Resources */ = {isa = PBXBuildFile; fileRef = 853DB5A81E902E4600D9FA6E /* Assets.xcassets */; };
		853DB5AC1E902E4600D9FA6E /* LaunchScreen.storyboard in Resources */ = {isa = PBXBuildFile; fileRef = 853DB5AA1E902E4600D9FA6E /* LaunchScreen.storyboard */; };
		855A947B1E9725D300F4384A /* Settings.bundle in Resources */ = {isa = PBXBuildFile; fileRef = 855A947A1E9725D300F4384A /* Settings.bundle */; };
		ACC4D5751E95C4F7005C0479 /* TotalPriceViewController.swift in Sources */ = {isa = PBXBuildFile; fileRef = ACC4D5741E95C4F7005C0479 /* TotalPriceViewController.swift */; };
		ACC4D5771E95C556005C0479 /* AdjustmentsViewController.swift in Sources */ = {isa = PBXBuildFile; fileRef = ACC4D5761E95C556005C0479 /* AdjustmentsViewController.swift */; };
		ACC4D5791E95C5B3005C0479 /* PurchaseTableViewController.swift in Sources */ = {isa = PBXBuildFile; fileRef = ACC4D5781E95C5B3005C0479 /* PurchaseTableViewController.swift */; };
/* End PBXBuildFile section */

/* Begin PBXFileReference section */
		853DB59E1E902E4500D9FA6E /* AndersonCarlyle.app */ = {isa = PBXFileReference; explicitFileType = wrapper.application; includeInIndex = 0; path = AndersonCarlyle.app; sourceTree = BUILT_PRODUCTS_DIR; };
		853DB5A11E902E4500D9FA6E /* AppDelegate.swift */ = {isa = PBXFileReference; lastKnownFileType = sourcecode.swift; path = AppDelegate.swift; sourceTree = "<group>"; };
		853DB5A61E902E4600D9FA6E /* Base */ = {isa = PBXFileReference; lastKnownFileType = file.storyboard; name = Base; path = Base.lproj/Main.storyboard; sourceTree = "<group>"; };
		853DB5A81E902E4600D9FA6E /* Assets.xcassets */ = {isa = PBXFileReference; lastKnownFileType = folder.assetcatalog; path = Assets.xcassets; sourceTree = "<group>"; };
		853DB5AB1E902E4600D9FA6E /* Base */ = {isa = PBXFileReference; lastKnownFileType = file.storyboard; name = Base; path = Base.lproj/LaunchScreen.storyboard; sourceTree = "<group>"; };
		853DB5AD1E902E4600D9FA6E /* Info.plist */ = {isa = PBXFileReference; lastKnownFileType = text.plist.xml; path = Info.plist; sourceTree = "<group>"; };
		855A947A1E9725D300F4384A /* Settings.bundle */ = {isa = PBXFileReference; lastKnownFileType = "wrapper.plug-in"; path = Settings.bundle; sourceTree = "<group>"; };
		ACC4D5741E95C4F7005C0479 /* TotalPriceViewController.swift */ = {isa = PBXFileReference; fileEncoding = 4; lastKnownFileType = sourcecode.swift; path = TotalPriceViewController.swift; sourceTree = "<group>"; };
		ACC4D5761E95C556005C0479 /* AdjustmentsViewController.swift */ = {isa = PBXFileReference; fileEncoding = 4; lastKnownFileType = sourcecode.swift; path = AdjustmentsViewController.swift; sourceTree = "<group>"; };
		ACC4D5781E95C5B3005C0479 /* PurchaseTableViewController.swift */ = {isa = PBXFileReference; fileEncoding = 4; lastKnownFileType = sourcecode.swift; path = PurchaseTableViewController.swift; sourceTree = "<group>"; };
/* End PBXFileReference section */

/* Begin PBXFrameworksBuildPhase section */
		853DB59B1E902E4100D9FA6E /* Frameworks */ = {
			isa = PBXFrameworksBuildPhase;
			buildActionMask = 2147483647;
			files = (
			);
			runOnlyForDeploymentPostprocessing = 0;
		};
/* End PBXFrameworksBuildPhase section */

/* Begin PBXGroup section */
		853DB5951E902E4000D9FA6E = {
			isa = PBXGroup;
			children = (
				853DB5A01E902E4500D9FA6E /* AndersonCarlyle */,
				853DB59F1E902E4500D9FA6E /* Products */,
			);
			sourceTree = "<group>";
		};
		853DB59F1E902E4500D9FA6E /* Products */ = {
			isa = PBXGroup;
			children = (
				853DB59E1E902E4500D9FA6E /* AndersonCarlyle.app */,
			);
			name = Products;
			sourceTree = "<group>";
		};
		853DB5A01E902E4500D9FA6E /* AndersonCarlyle */ = {
			isa = PBXGroup;
			children = (
				853DB5A11E902E4500D9FA6E /* AppDelegate.swift */,
				853DB5A51E902E4600D9FA6E /* Main.storyboard */,
				ACC4D5781E95C5B3005C0479 /* PurchaseTableViewController.swift */,
				ACC4D5761E95C556005C0479 /* AdjustmentsViewController.swift */,
				853DB5A81E902E4600D9FA6E /* Assets.xcassets */,
				853DB5AA1E902E4600D9FA6E /* LaunchScreen.storyboard */,
				853DB5AD1E902E4600D9FA6E /* Info.plist */,
				ACC4D5741E95C4F7005C0479 /* TotalPriceViewController.swift */,
				855A947A1E9725D300F4384A /* Settings.bundle */,
			);
			path = AndersonCarlyle;
			sourceTree = "<group>";
		};
/* End PBXGroup section */

/* Begin PBXNativeTarget section */
		853DB59D1E902E4100D9FA6E /* AndersonCarlyle */ = {
			isa = PBXNativeTarget;
			buildConfigurationList = 853DB5B01E902E4600D9FA6E /* Build configuration list for PBXNativeTarget "AndersonCarlyle" */;
			buildPhases = (
				853DB59A1E902E4100D9FA6E /* Sources */,
				853DB59B1E902E4100D9FA6E /* Frameworks */,
				853DB59C1E902E4100D9FA6E /* Resources */,
			);
			buildRules = (
			);
			dependencies = (
			);
			name = AndersonCarlyle;
			productName = AndersonCarlyle;
			productReference = 853DB59E1E902E4500D9FA6E /* AndersonCarlyle.app */;
			productType = "com.apple.product-type.application";
		};
/* End PBXNativeTarget section */

/* Begin PBXProject section */
		853DB5961E902E4000D9FA6E /* Project object */ = {
			isa = PBXProject;
			attributes = {
				LastSwiftUpdateCheck = 0820;
				LastUpgradeCheck = 0820;
				ORGANIZATIONNAME = "Kako Botasso & Anderson Macedo";
				TargetAttributes = {
					853DB59D1E902E4100D9FA6E = {
						CreatedOnToolsVersion = 8.2.1;
						ProvisioningStyle = Automatic;
					};
				};
			};
			buildConfigurationList = 853DB5991E902E4000D9FA6E /* Build configuration list for PBXProject "AndersonCarlyle" */;
			compatibilityVersion = "Xcode 3.2";
			developmentRegion = English;
			hasScannedForEncodings = 0;
			knownRegions = (
				en,
				Base,
			);
			mainGroup = 853DB5951E902E4000D9FA6E;
			productRefGroup = 853DB59F1E902E4500D9FA6E /* Products */;
			projectDirPath = "";
			projectRoot = "";
			targets = (
				853DB59D1E902E4100D9FA6E /* AndersonCarlyle */,
			);
		};
/* End PBXProject section */

/* Begin PBXResourcesBuildPhase section */
		853DB59C1E902E4100D9FA6E /* Resources */ = {
			isa = PBXResourcesBuildPhase;
			buildActionMask = 2147483647;
			files = (
				855A947B1E9725D300F4384A /* Settings.bundle in Resources */,
				853DB5AC1E902E4600D9FA6E /* LaunchScreen.storyboard in Resources */,
				853DB5A91E902E4600D9FA6E /* Assets.xcassets in Resources */,
				853DB5A71E902E4600D9FA6E /* Main.storyboard in Resources */,
			);
			runOnlyForDeploymentPostprocessing = 0;
		};
/* End PBXResourcesBuildPhase section */

/* Begin PBXSourcesBuildPhase section */
		853DB59A1E902E4100D9FA6E /* Sources */ = {
			isa = PBXSourcesBuildPhase;
			buildActionMask = 2147483647;
			files = (
				853DB5A21E902E4500D9FA6E /* AppDelegate.swift in Sources */,
				ACC4D5771E95C556005C0479 /* AdjustmentsViewController.swift in Sources */,
				ACC4D5791E95C5B3005C0479 /* PurchaseTableViewController.swift in Sources */,
				ACC4D5751E95C4F7005C0479 /* TotalPriceViewController.swift in Sources */,
			);
			runOnlyForDeploymentPostprocessing = 0;
		};
/* End PBXSourcesBuildPhase section */

/* Begin PBXVariantGroup section */
		853DB5A51E902E4600D9FA6E /* Main.storyboard */ = {
			isa = PBXVariantGroup;
			children = (
				853DB5A61E902E4600D9FA6E /* Base */,
			);
			name = Main.storyboard;
			sourceTree = "<group>";
		};
		853DB5AA1E902E4600D9FA6E /* LaunchScreen.storyboard */ = {
			isa = PBXVariantGroup;
			children = (
				853DB5AB1E902E4600D9FA6E /* Base */,
			);
			name = LaunchScreen.storyboard;
			sourceTree = "<group>";
		};
/* End PBXVariantGroup section */

/* Begin XCBuildConfiguration section */
		853DB5AE1E902E4600D9FA6E /* Debug */ = {
			isa = XCBuildConfiguration;
			buildSettings = {
				ALWAYS_SEARCH_USER_PATHS = NO;
				CLANG_ANALYZER_NONNULL = YES;
				CLANG_CXX_LANGUAGE_STANDARD = "gnu++0x";
				CLANG_CXX_LIBRARY = "libc++";
				CLANG_ENABLE_MODULES = YES;
				CLANG_ENABLE_OBJC_ARC = YES;
				CLANG_WARN_BOOL_CONVERSION = YES;
				CLANG_WARN_CONSTANT_CONVERSION = YES;
				CLANG_WARN_DIRECT_OBJC_ISA_USAGE = YES_ERROR;
				CLANG_WARN_DOCUMENTATION_COMMENTS = YES;
				CLANG_WARN_EMPTY_BODY = YES;
				CLANG_WARN_ENUM_CONVERSION = YES;
				CLANG_WARN_INFINITE_RECURSION = YES;
				CLANG_WARN_INT_CONVERSION = YES;
				CLANG_WARN_OBJC_ROOT_CLASS = YES_ERROR;
				CLANG_WARN_SUSPICIOUS_MOVE = YES;
				CLANG_WARN_UNREACHABLE_CODE = YES;
				CLANG_WARN__DUPLICATE_METHOD_MATCH = YES;
				"CODE_SIGN_IDENTITY[sdk=iphoneos*]" = "iPhone Developer";
				COPY_PHASE_STRIP = NO;
				DEBUG_INFORMATION_FORMAT = dwarf;
				ENABLE_STRICT_OBJC_MSGSEND = YES;
				ENABLE_TESTABILITY = YES;
				GCC_C_LANGUAGE_STANDARD = gnu99;
				GCC_DYNAMIC_NO_PIC = NO;
				GCC_NO_COMMON_BLOCKS = YES;
				GCC_OPTIMIZATION_LEVEL = 0;
				GCC_PREPROCESSOR_DEFINITIONS = (
					"DEBUG=1",
					"$(inherited)",
				);
				GCC_WARN_64_TO_32_BIT_CONVERSION = YES;
				GCC_WARN_ABOUT_RETURN_TYPE = YES_ERROR;
				GCC_WARN_UNDECLARED_SELECTOR = YES;
				GCC_WARN_UNINITIALIZED_AUTOS = YES_AGGRESSIVE;
				GCC_WARN_UNUSED_FUNCTION = YES;
				GCC_WARN_UNUSED_VARIABLE = YES;
				IPHONEOS_DEPLOYMENT_TARGET = 10.2;
				MTL_ENABLE_DEBUG_INFO = YES;
				ONLY_ACTIVE_ARCH = YES;
				SDKROOT = iphoneos;
				SWIFT_ACTIVE_COMPILATION_CONDITIONS = DEBUG;
				SWIFT_OPTIMIZATION_LEVEL = "-Onone";
				TARGETED_DEVICE_FAMILY = "1,2";
			};
			name = Debug;
		};
		853DB5AF1E902E4600D9FA6E /* Release */ = {
			isa = XCBuildConfiguration;
			buildSettings = {
				ALWAYS_SEARCH_USER_PATHS = NO;
				CLANG_ANALYZER_NONNULL = YES;
				CLANG_CXX_LANGUAGE_STANDARD = "gnu++0x";
				CLANG_CXX_LIBRARY = "libc++";
				CLANG_ENABLE_MODULES = YES;
				CLANG_ENABLE_OBJC_ARC = YES;
				CLANG_WARN_BOOL_CONVERSION = YES;
				CLANG_WARN_CONSTANT_CONVERSION = YES;
				CLANG_WARN_DIRECT_OBJC_ISA_USAGE = YES_ERROR;
				CLANG_WARN_DOCUMENTATION_COMMENTS = YES;
				CLANG_WARN_EMPTY_BODY = YES;
				CLANG_WARN_ENUM_CONVERSION = YES;
				CLANG_WARN_INFINITE_RECURSION = YES;
				CLANG_WARN_INT_CONVERSION = YES;
				CLANG_WARN_OBJC_ROOT_CLASS = YES_ERROR;
				CLANG_WARN_SUSPICIOUS_MOVE = YES;
				CLANG_WARN_UNREACHABLE_CODE = YES;
				CLANG_WARN__DUPLICATE_METHOD_MATCH = YES;
				"CODE_SIGN_IDENTITY[sdk=iphoneos*]" = "iPhone Developer";
				COPY_PHASE_STRIP = NO;
				DEBUG_INFORMATION_FORMAT = "dwarf-with-dsym";
				ENABLE_NS_ASSERTIONS = NO;
				ENABLE_STRICT_OBJC_MSGSEND = YES;
				GCC_C_LANGUAGE_STANDARD = gnu99;
				GCC_NO_COMMON_BLOCKS = YES;
				GCC_WARN_64_TO_32_BIT_CONVERSION = YES;
				GCC_WARN_ABOUT_RETURN_TYPE = YES_ERROR;
				GCC_WARN_UNDECLARED_SELECTOR = YES;
				GCC_WARN_UNINITIALIZED_AUTOS = YES_AGGRESSIVE;
				GCC_WARN_UNUSED_FUNCTION = YES;
				GCC_WARN_UNUSED_VARIABLE = YES;
				IPHONEOS_DEPLOYMENT_TARGET = 10.2;
				MTL_ENABLE_DEBUG_INFO = NO;
				SDKROOT = iphoneos;
				SWIFT_OPTIMIZATION_LEVEL = "-Owholemodule";
				TARGETED_DEVICE_FAMILY = "1,2";
				VALIDATE_PRODUCT = YES;
			};
			name = Release;
		};
		853DB5B11E902E4600D9FA6E /* Debug */ = {
			isa = XCBuildConfiguration;
			buildSettings = {
				ASSETCATALOG_COMPILER_APPICON_NAME = AppIcon;
				INFOPLIST_FILE = AndersonCarlyle/Info.plist;
				LD_RUNPATH_SEARCH_PATHS = "$(inherited) @executable_path/Frameworks";
				PRODUCT_BUNDLE_IDENTIFIER = br.com.kakobotasso.andersonmacedo.AndersonCarlyle;
				PRODUCT_NAME = "$(TARGET_NAME)";
				SWIFT_VERSION = 3.0;
			};
			name = Debug;
		};
		853DB5B21E902E4600D9FA6E /* Release */ = {
			isa = XCBuildConfiguration;
			buildSettings = {
				ASSETCATALOG_COMPILER_APPICON_NAME = AppIcon;
				INFOPLIST_FILE = AndersonCarlyle/Info.plist;
				LD_RUNPATH_SEARCH_PATHS = "$(inherited) @executable_path/Frameworks";
				PRODUCT_BUNDLE_IDENTIFIER = br.com.kakobotasso.andersonmacedo.AndersonCarlyle;
				PRODUCT_NAME = "$(TARGET_NAME)";
				SWIFT_VERSION = 3.0;
			};
			name = Release;
		};
/* End XCBuildConfiguration section */

/* Begin XCConfigurationList section */
		853DB5991E902E4000D9FA6E /* Build configuration list for PBXProject "AndersonCarlyle" */ = {
			isa = XCConfigurationList;
			buildConfigurations = (
				853DB5AE1E902E4600D9FA6E /* Debug */,
				853DB5AF1E902E4600D9FA6E /* Release */,
			);
			defaultConfigurationIsVisible = 0;
			defaultConfigurationName = Release;
		};
		853DB5B01E902E4600D9FA6E /* Build configuration list for PBXNativeTarget "AndersonCarlyle" */ = {
			isa = XCConfigurationList;
			buildConfigurations = (
				853DB5B11E902E4600D9FA6E /* Debug */,
				853DB5B21E902E4600D9FA6E /* Release */,
			);
			defaultConfigurationIsVisible = 0;
			defaultConfigurationName = Release;
		};
/* End XCConfigurationList section */
	};
	rootObject = 853DB5961E902E4000D9FA6E /* Project object */;
}
